// !$*UTF8*$!
{
	archiveVersion = 1;
	classes = {
	};
	objectVersion = 77;
	objects = {

/* Begin PBXContainerItemProxy section */
		46B973BE2CC4457E00EBB972 /* PBXContainerItemProxy */ = {
			isa = PBXContainerItemProxy;
			containerPortal = 46B973A52CC4457D00EBB972 /* Project object */;
			proxyType = 1;
			remoteGlobalIDString = 46B973AC2CC4457D00EBB972;
			remoteInfo = JourneyFinal;
		};
		46B973C82CC4457E00EBB972 /* PBXContainerItemProxy */ = {
			isa = PBXContainerItemProxy;
			containerPortal = 46B973A52CC4457D00EBB972 /* Project object */;
			proxyType = 1;
			remoteGlobalIDString = 46B973AC2CC4457D00EBB972;
			remoteInfo = JourneyFinal;
		};
/* End PBXContainerItemProxy section */

/* Begin PBXFileReference section */
		46B973AD2CC4457D00EBB972 /* JourneyFinal.app */ = {isa = PBXFileReference; explicitFileType = wrapper.application; includeInIndex = 0; path = JourneyFinal.app; sourceTree = BUILT_PRODUCTS_DIR; };
		46B973BD2CC4457E00EBB972 /* JourneyFinalTests.xctest */ = {isa = PBXFileReference; explicitFileType = wrapper.cfbundle; includeInIndex = 0; path = JourneyFinalTests.xctest; sourceTree = BUILT_PRODUCTS_DIR; };
		46B973C72CC4457E00EBB972 /* JourneyFinalUITests.xctest */ = {isa = PBXFileReference; explicitFileType = wrapper.cfbundle; includeInIndex = 0; path = JourneyFinalUITests.xctest; sourceTree = BUILT_PRODUCTS_DIR; };
/* End PBXFileReference section */

/* Begin PBXFileSystemSynchronizedBuildFileExceptionSet section */
		46B973FD2CC446B900EBB972 /* Exceptions for "JourneyFinal" folder in "JourneyFinal" target */ = {
			isa = PBXFileSystemSynchronizedBuildFileExceptionSet;
			membershipExceptions = (
				Info.plist,
			);
			target = 46B973AC2CC4457D00EBB972 /* JourneyFinal */;
		};
/* End PBXFileSystemSynchronizedBuildFileExceptionSet section */

/* Begin PBXFileSystemSynchronizedRootGroup section */
		46B973AF2CC4457D00EBB972 /* JourneyFinal */ = {
			isa = PBXFileSystemSynchronizedRootGroup;
			exceptions = (
				46B973FD2CC446B900EBB972 /* Exceptions for "JourneyFinal" folder in "JourneyFinal" target */,
			);
			path = JourneyFinal;
			sourceTree = "<group>";
		};
		46B973C02CC4457E00EBB972 /* JourneyFinalTests */ = {
			isa = PBXFileSystemSynchronizedRootGroup;
			path = JourneyFinalTests;
			sourceTree = "<group>";
		};
		46B973CA2CC4457E00EBB972 /* JourneyFinalUITests */ = {
			isa = PBXFileSystemSynchronizedRootGroup;
			path = JourneyFinalUITests;
			sourceTree = "<group>";
		};
/* End PBXFileSystemSynchronizedRootGroup section */

/* Begin PBXFrameworksBuildPhase section */
		46B973AA2CC4457D00EBB972 /* Frameworks */ = {
			isa = PBXFrameworksBuildPhase;
			buildActionMask = 2147483647;
			files = (
			);
			runOnlyForDeploymentPostprocessing = 0;
		};
		46B973BA2CC4457E00EBB972 /* Frameworks */ = {
			isa = PBXFrameworksBuildPhase;
			buildActionMask = 2147483647;
			files = (
			);
			runOnlyForDeploymentPostprocessing = 0;
		};
		46B973C42CC4457E00EBB972 /* Frameworks */ = {
			isa = PBXFrameworksBuildPhase;
			buildActionMask = 2147483647;
			files = (
			);
			runOnlyForDeploymentPostprocessing = 0;
		};
/* End PBXFrameworksBuildPhase section */

/* Begin PBXGroup section */
		46B973A42CC4457D00EBB972 = {
			isa = PBXGroup;
			children = (
				46B973AF2CC4457D00EBB972 /* JourneyFinal */,
				46B973C02CC4457E00EBB972 /* JourneyFinalTests */,
				46B973CA2CC4457E00EBB972 /* JourneyFinalUITests */,
				46B973AE2CC4457D00EBB972 /* Products */,
			);
			sourceTree = "<group>";
		};
		46B973AE2CC4457D00EBB972 /* Products */ = {
			isa = PBXGroup;
			children = (
				46B973AD2CC4457D00EBB972 /* JourneyFinal.app */,
				46B973BD2CC4457E00EBB972 /* JourneyFinalTests.xctest */,
				46B973C72CC4457E00EBB972 /* JourneyFinalUITests.xctest */,
			);
			name = Products;
			sourceTree = "<group>";
		};
/* End PBXGroup section */

/* Begin PBXNativeTarget section */
		46B973AC2CC4457D00EBB972 /* JourneyFinal */ = {
			isa = PBXNativeTarget;
			buildConfigurationList = 46B973D12CC4457E00EBB972 /* Build configuration list for PBXNativeTarget "JourneyFinal" */;
			buildPhases = (
				46B973A92CC4457D00EBB972 /* Sources */,
				46B973AA2CC4457D00EBB972 /* Frameworks */,
				46B973AB2CC4457D00EBB972 /* Resources */,
			);
			buildRules = (
			);
			dependencies = (
			);
			fileSystemSynchronizedGroups = (
				46B973AF2CC4457D00EBB972 /* JourneyFinal */,
			);
			name = JourneyFinal;
			packageProductDependencies = (
			);
			productName = JourneyFinal;
			productReference = 46B973AD2CC4457D00EBB972 /* JourneyFinal.app */;
			productType = "com.apple.product-type.application";
		};
		46B973BC2CC4457E00EBB972 /* JourneyFinalTests */ = {
			isa = PBXNativeTarget;
			buildConfigurationList = 46B973D42CC4457E00EBB972 /* Build configuration list for PBXNativeTarget "JourneyFinalTests" */;
			buildPhases = (
				46B973B92CC4457E00EBB972 /* Sources */,
				46B973BA2CC4457E00EBB972 /* Frameworks */,
				46B973BB2CC4457E00EBB972 /* Resources */,
			);
			buildRules = (
			);
			dependencies = (
				46B973BF2CC4457E00EBB972 /* PBXTargetDependency */,
			);
			fileSystemSynchronizedGroups = (
				46B973C02CC4457E00EBB972 /* JourneyFinalTests */,
			);
			name = JourneyFinalTests;
			packageProductDependencies = (
			);
			productName = JourneyFinalTests;
			productReference = 46B973BD2CC4457E00EBB972 /* JourneyFinalTests.xctest */;
			productType = "com.apple.product-type.bundle.unit-test";
		};
		46B973C62CC4457E00EBB972 /* JourneyFinalUITests */ = {
			isa = PBXNativeTarget;
			buildConfigurationList = 46B973D72CC4457E00EBB972 /* Build configuration list for PBXNativeTarget "JourneyFinalUITests" */;
			buildPhases = (
				46B973C32CC4457E00EBB972 /* Sources */,
				46B973C42CC4457E00EBB972 /* Frameworks */,
				46B973C52CC4457E00EBB972 /* Resources */,
			);
			buildRules = (
			);
			dependencies = (
				46B973C92CC4457E00EBB972 /* PBXTargetDependency */,
			);
			fileSystemSynchronizedGroups = (
				46B973CA2CC4457E00EBB972 /* JourneyFinalUITests */,
			);
			name = JourneyFinalUITests;
			packageProductDependencies = (
			);
			productName = JourneyFinalUITests;
			productReference = 46B973C72CC4457E00EBB972 /* JourneyFinalUITests.xctest */;
			productType = "com.apple.product-type.bundle.ui-testing";
		};
/* End PBXNativeTarget section */

/* Begin PBXProject section */
		46B973A52CC4457D00EBB972 /* Project object */ = {
			isa = PBXProject;
			attributes = {
				BuildIndependentTargetsInParallel = 1;
				LastSwiftUpdateCheck = 1600;
				LastUpgradeCheck = 1600;
				TargetAttributes = {
					46B973AC2CC4457D00EBB972 = {
						CreatedOnToolsVersion = 16.0;
					};
					46B973BC2CC4457E00EBB972 = {
						CreatedOnToolsVersion = 16.0;
						TestTargetID = 46B973AC2CC4457D00EBB972;
					};
					46B973C62CC4457E00EBB972 = {
						CreatedOnToolsVersion = 16.0;
						TestTargetID = 46B973AC2CC4457D00EBB972;
					};
				};
			};
			buildConfigurationList = 46B973A82CC4457D00EBB972 /* Build configuration list for PBXProject "JourneyFinal" */;
			developmentRegion = en;
			hasScannedForEncodings = 0;
			knownRegions = (
				en,
				Base,
			);
			mainGroup = 46B973A42CC4457D00EBB972;
			minimizedProjectReferenceProxies = 1;
			preferredProjectObjectVersion = 77;
			productRefGroup = 46B973AE2CC4457D00EBB972 /* Products */;
			projectDirPath = "";
			projectRoot = "";
			targets = (
				46B973AC2CC4457D00EBB972 /* JourneyFinal */,
				46B973BC2CC4457E00EBB972 /* JourneyFinalTests */,
				46B973C62CC4457E00EBB972 /* JourneyFinalUITests */,
			);
		};
/* End PBXProject section */

/* Begin PBXResourcesBuildPhase section */
		46B973AB2CC4457D00EBB972 /* Resources */ = {
			isa = PBXResourcesBuildPhase;
			buildActionMask = 2147483647;
			files = (
			);
			runOnlyForDeploymentPostprocessing = 0;
		};
		46B973BB2CC4457E00EBB972 /* Resources */ = {
			isa = PBXResourcesBuildPhase;
			buildActionMask = 2147483647;
			files = (
			);
			runOnlyForDeploymentPostprocessing = 0;
		};
		46B973C52CC4457E00EBB972 /* Resources */ = {
			isa = PBXResourcesBuildPhase;
			buildActionMask = 2147483647;
			files = (
			);
			runOnlyForDeploymentPostprocessing = 0;
		};
/* End PBXResourcesBuildPhase section */

/* Begin PBXSourcesBuildPhase section */
		46B973A92CC4457D00EBB972 /* Sources */ = {
			isa = PBXSourcesBuildPhase;
			buildActionMask = 2147483647;
			files = (
			);
			runOnlyForDeploymentPostprocessing = 0;
		};
		46B973B92CC4457E00EBB972 /* Sources */ = {
			isa = PBXSourcesBuildPhase;
			buildActionMask = 2147483647;
			files = (
			);
			runOnlyForDeploymentPostprocessing = 0;
		};
		46B973C32CC4457E00EBB972 /* Sources */ = {
			isa = PBXSourcesBuildPhase;
			buildActionMask = 2147483647;
			files = (
			);
			runOnlyForDeploymentPostprocessing = 0;
		};
/* End PBXSourcesBuildPhase section */

/* Begin PBXTargetDependency section */
		46B973BF2CC4457E00EBB972 /* PBXTargetDependency */ = {
			isa = PBXTargetDependency;
			target = 46B973AC2CC4457D00EBB972 /* JourneyFinal */;
			targetProxy = 46B973BE2CC4457E00EBB972 /* PBXContainerItemProxy */;
		};
		46B973C92CC4457E00EBB972 /* PBXTargetDependency */ = {
			isa = PBXTargetDependency;
			target = 46B973AC2CC4457D00EBB972 /* JourneyFinal */;
			targetProxy = 46B973C82CC4457E00EBB972 /* PBXContainerItemProxy */;
		};
/* End PBXTargetDependency section */

/* Begin XCBuildConfiguration section */
		46B973CF2CC4457E00EBB972 /* Debug */ = {
			isa = XCBuildConfiguration;
			buildSettings = {
				ALWAYS_SEARCH_USER_PATHS = NO;
				ASSETCATALOG_COMPILER_GENERATE_SWIFT_ASSET_SYMBOL_EXTENSIONS = YES;
				CLANG_ANALYZER_NONNULL = YES;
				CLANG_ANALYZER_NUMBER_OBJECT_CONVERSION = YES_AGGRESSIVE;
				CLANG_CXX_LANGUAGE_STANDARD = "gnu++20";
				CLANG_ENABLE_MODULES = YES;
				CLANG_ENABLE_OBJC_ARC = YES;
				CLANG_ENABLE_OBJC_WEAK = YES;
				CLANG_WARN_BLOCK_CAPTURE_AUTORELEASING = YES;
				CLANG_WARN_BOOL_CONVERSION = YES;
				CLANG_WARN_COMMA = YES;
				CLANG_WARN_CONSTANT_CONVERSION = YES;
				CLANG_WARN_DEPRECATED_OBJC_IMPLEMENTATIONS = YES;
				CLANG_WARN_DIRECT_OBJC_ISA_USAGE = YES_ERROR;
				CLANG_WARN_DOCUMENTATION_COMMENTS = YES;
				CLANG_WARN_EMPTY_BODY = YES;
				CLANG_WARN_ENUM_CONVERSION = YES;
				CLANG_WARN_INFINITE_RECURSION = YES;
				CLANG_WARN_INT_CONVERSION = YES;
				CLANG_WARN_NON_LITERAL_NULL_CONVERSION = YES;
				CLANG_WARN_OBJC_IMPLICIT_RETAIN_SELF = YES;
				CLANG_WARN_OBJC_LITERAL_CONVERSION = YES;
				CLANG_WARN_OBJC_ROOT_CLASS = YES_ERROR;
				CLANG_WARN_QUOTED_INCLUDE_IN_FRAMEWORK_HEADER = YES;
				CLANG_WARN_RANGE_LOOP_ANALYSIS = YES;
				CLANG_WARN_STRICT_PROTOTYPES = YES;
				CLANG_WARN_SUSPICIOUS_MOVE = YES;
				CLANG_WARN_UNGUARDED_AVAILABILITY = YES_AGGRESSIVE;
				CLANG_WARN_UNREACHABLE_CODE = YES;
				CLANG_WARN__DUPLICATE_METHOD_MATCH = YES;
				COPY_PHASE_STRIP = NO;
				DEBUG_INFORMATION_FORMAT = dwarf;
				ENABLE_STRICT_OBJC_MSGSEND = YES;
				ENABLE_TESTABILITY = YES;
				ENABLE_USER_SCRIPT_SANDBOXING = YES;
				GCC_C_LANGUAGE_STANDARD = gnu17;
				GCC_DYNAMIC_NO_PIC = NO;
				GCC_NO_COMMON_BLOCKS = YES;
				GCC_OPTIMIZATION_LEVEL = 0;
				GCC_PREPROCESSOR_DEFINITIONS = (
					"DEBUG=1",
					"$(inherited)",
				);
				GCC_WARN_64_TO_32_BIT_CONVERSION = YES;
				GCC_WARN_ABOUT_RETURN_TYPE = YES_ERROR;
				GCC_WARN_UNDECLARED_SELECTOR = YES;
				GCC_WARN_UNINITIALIZED_AUTOS = YES_AGGRESSIVE;
				GCC_WARN_UNUSED_FUNCTION = YES;
				GCC_WARN_UNUSED_VARIABLE = YES;
				IPHONEOS_DEPLOYMENT_TARGET = 18.0;
				LOCALIZATION_PREFERS_STRING_CATALOGS = YES;
				MTL_ENABLE_DEBUG_INFO = INCLUDE_SOURCE;
				MTL_FAST_MATH = YES;
				ONLY_ACTIVE_ARCH = YES;
				SDKROOT = iphoneos;
				SWIFT_ACTIVE_COMPILATION_CONDITIONS = "DEBUG $(inherited)";
				SWIFT_OPTIMIZATION_LEVEL = "-Onone";
			};
			name = Debug;
		};
		46B973D02CC4457E00EBB972 /* Release */ = {
			isa = XCBuildConfiguration;
			buildSettings = {
				ALWAYS_SEARCH_USER_PATHS = NO;
				ASSETCATALOG_COMPILER_GENERATE_SWIFT_ASSET_SYMBOL_EXTENSIONS = YES;
				CLANG_ANALYZER_NONNULL = YES;
				CLANG_ANALYZER_NUMBER_OBJECT_CONVERSION = YES_AGGRESSIVE;
				CLANG_CXX_LANGUAGE_STANDARD = "gnu++20";
				CLANG_ENABLE_MODULES = YES;
				CLANG_ENABLE_OBJC_ARC = YES;
				CLANG_ENABLE_OBJC_WEAK = YES;
				CLANG_WARN_BLOCK_CAPTURE_AUTORELEASING = YES;
				CLANG_WARN_BOOL_CONVERSION = YES;
				CLANG_WARN_COMMA = YES;
				CLANG_WARN_CONSTANT_CONVERSION = YES;
				CLANG_WARN_DEPRECATED_OBJC_IMPLEMENTATIONS = YES;
				CLANG_WARN_DIRECT_OBJC_ISA_USAGE = YES_ERROR;
				CLANG_WARN_DOCUMENTATION_COMMENTS = YES;
				CLANG_WARN_EMPTY_BODY = YES;
				CLANG_WARN_ENUM_CONVERSION = YES;
				CLANG_WARN_INFINITE_RECURSION = YES;
				CLANG_WARN_INT_CONVERSION = YES;
				CLANG_WARN_NON_LITERAL_NULL_CONVERSION = YES;
				CLANG_WARN_OBJC_IMPLICIT_RETAIN_SELF = YES;
				CLANG_WARN_OBJC_LITERAL_CONVERSION = YES;
				CLANG_WARN_OBJC_ROOT_CLASS = YES_ERROR;
				CLANG_WARN_QUOTED_INCLUDE_IN_FRAMEWORK_HEADER = YES;
				CLANG_WARN_RANGE_LOOP_ANALYSIS = YES;
				CLANG_WARN_STRICT_PROTOTYPES = YES;
				CLANG_WARN_SUSPICIOUS_MOVE = YES;
				CLANG_WARN_UNGUARDED_AVAILABILITY = YES_AGGRESSIVE;
				CLANG_WARN_UNREACHABLE_CODE = YES;
				CLANG_WARN__DUPLICATE_METHOD_MATCH = YES;
				COPY_PHASE_STRIP = NO;
				DEBUG_INFORMATION_FORMAT = "dwarf-with-dsym";
				ENABLE_NS_ASSERTIONS = NO;
				ENABLE_STRICT_OBJC_MSGSEND = YES;
				ENABLE_USER_SCRIPT_SANDBOXING = YES;
				GCC_C_LANGUAGE_STANDARD = gnu17;
				GCC_NO_COMMON_BLOCKS = YES;
				GCC_WARN_64_TO_32_BIT_CONVERSION = YES;
				GCC_WARN_ABOUT_RETURN_TYPE = YES_ERROR;
				GCC_WARN_UNDECLARED_SELECTOR = YES;
				GCC_WARN_UNINITIALIZED_AUTOS = YES_AGGRESSIVE;
				GCC_WARN_UNUSED_FUNCTION = YES;
				GCC_WARN_UNUSED_VARIABLE = YES;
				IPHONEOS_DEPLOYMENT_TARGET = 18.0;
				LOCALIZATION_PREFERS_STRING_CATALOGS = YES;
				MTL_ENABLE_DEBUG_INFO = NO;
				MTL_FAST_MATH = YES;
				SDKROOT = iphoneos;
				SWIFT_COMPILATION_MODE = wholemodule;
				VALIDATE_PRODUCT = YES;
			};
			name = Release;
		};
		46B973D22CC4457E00EBB972 /* Debug */ = {
			isa = XCBuildConfiguration;
			buildSettings = {
				ASSETCATALOG_COMPILER_APPICON_NAME = AppIcon;
				ASSETCATALOG_COMPILER_GLOBAL_ACCENT_COLOR_NAME = AccentColor;
				CODE_SIGN_STYLE = Automatic;
				CURRENT_PROJECT_VERSION = 1;
				DEVELOPMENT_ASSET_PATHS = "\"JourneyFinal/Preview Content\"";
				ENABLE_PREVIEWS = YES;
				GENERATE_INFOPLIST_FILE = YES;
				INFOPLIST_FILE = JourneyFinal/Info.plist;
				INFOPLIST_KEY_UIApplicationSceneManifest_Generation = YES;
				INFOPLIST_KEY_UIApplicationSupportsIndirectInputEvents = YES;
				INFOPLIST_KEY_UILaunchScreen_Generation = YES;
				INFOPLIST_KEY_UISupportedInterfaceOrientations_iPad = "UIInterfaceOrientationPortrait UIInterfaceOrientationPortraitUpsideDown UIInterfaceOrientationLandscapeLeft UIInterfaceOrientationLandscapeRight";
				INFOPLIST_KEY_UISupportedInterfaceOrientations_iPhone = "UIInterfaceOrientationPortrait UIInterfaceOrientationLandscapeLeft UIInterfaceOrientationLandscapeRight";
				LD_RUNPATH_SEARCH_PATHS = (
					"$(inherited)",
					"@executable_path/Frameworks",
				);
				MARKETING_VERSION = 1.0;
				PRODUCT_BUNDLE_IDENTIFIER = Enactus.JourneyFinal;
				PRODUCT_NAME = "$(TARGET_NAME)";
				SWIFT_EMIT_LOC_STRINGS = YES;
				SWIFT_VERSION = 5.0;
				TARGETED_DEVICE_FAMILY = "1,2";
			};
			name = Debug;
		};
		46B973D32CC4457E00EBB972 /* Release */ = {
			isa = XCBuildConfiguration;
			buildSettings = {
				ASSETCATALOG_COMPILER_APPICON_NAME = AppIcon;
				ASSETCATALOG_COMPILER_GLOBAL_ACCENT_COLOR_NAME = AccentColor;
				CODE_SIGN_STYLE = Automatic;
				CURRENT_PROJECT_VERSION = 1;
				DEVELOPMENT_ASSET_PATHS = "\"JourneyFinal/Preview Content\"";
				ENABLE_PREVIEWS = YES;
				GENERATE_INFOPLIST_FILE = YES;
				INFOPLIST_FILE = JourneyFinal/Info.plist;
				INFOPLIST_KEY_UIApplicationSceneManifest_Generation = YES;
				INFOPLIST_KEY_UIApplicationSupportsIndirectInputEvents = YES;
				INFOPLIST_KEY_UILaunchScreen_Generation = YES;
				INFOPLIST_KEY_UISupportedInterfaceOrientations_iPad = "UIInterfaceOrientationPortrait UIInterfaceOrientationPortraitUpsideDown UIInterfaceOrientationLandscapeLeft UIInterfaceOrientationLandscapeRight";
				INFOPLIST_KEY_UISupportedInterfaceOrientations_iPhone = "UIInterfaceOrientationPortrait UIInterfaceOrientationLandscapeLeft UIInterfaceOrientationLandscapeRight";
				LD_RUNPATH_SEARCH_PATHS = (
					"$(inherited)",
					"@executable_path/Frameworks",
				);
				MARKETING_VERSION = 1.0;
				PRODUCT_BUNDLE_IDENTIFIER = Enactus.JourneyFinal;
				PRODUCT_NAME = "$(TARGET_NAME)";
				SWIFT_EMIT_LOC_STRINGS = YES;
				SWIFT_VERSION = 5.0;
				TARGETED_DEVICE_FAMILY = "1,2";
			};
			name = Release;
		};
		46B973D52CC4457E00EBB972 /* Debug */ = {
			isa = XCBuildConfiguration;
			buildSettings = {
				BUNDLE_LOADER = "$(TEST_HOST)";
				CODE_SIGN_STYLE = Automatic;
				CURRENT_PROJECT_VERSION = 1;
				GENERATE_INFOPLIST_FILE = YES;
				IPHONEOS_DEPLOYMENT_TARGET = 18.0;
				MARKETING_VERSION = 1.0;
				PRODUCT_BUNDLE_IDENTIFIER = Enactus.JourneyFinalTests;
				PRODUCT_NAME = "$(TARGET_NAME)";
				SWIFT_EMIT_LOC_STRINGS = NO;
				SWIFT_VERSION = 5.0;
				TARGETED_DEVICE_FAMILY = "1,2";
				TEST_HOST = "$(BUILT_PRODUCTS_DIR)/JourneyFinal.app/$(BUNDLE_EXECUTABLE_FOLDER_PATH)/JourneyFinal";
			};
			name = Debug;
		};
		46B973D62CC4457E00EBB972 /* Release */ = {
			isa = XCBuildConfiguration;
			buildSettings = {
				BUNDLE_LOADER = "$(TEST_HOST)";
				CODE_SIGN_STYLE = Automatic;
				CURRENT_PROJECT_VERSION = 1;
				GENERATE_INFOPLIST_FILE = YES;
				IPHONEOS_DEPLOYMENT_TARGET = 18.0;
				MARKETING_VERSION = 1.0;
				PRODUCT_BUNDLE_IDENTIFIER = Enactus.JourneyFinalTests;
				PRODUCT_NAME = "$(TARGET_NAME)";
				SWIFT_EMIT_LOC_STRINGS = NO;
				SWIFT_VERSION = 5.0;
				TARGETED_DEVICE_FAMILY = "1,2";
				TEST_HOST = "$(BUILT_PRODUCTS_DIR)/JourneyFinal.app/$(BUNDLE_EXECUTABLE_FOLDER_PATH)/JourneyFinal";
			};
			name = Release;
		};
		46B973D82CC4457E00EBB972 /* Debug */ = {
			isa = XCBuildConfiguration;
			buildSettings = {
				CODE_SIGN_STYLE = Automatic;
				CURRENT_PROJECT_VERSION = 1;
				GENERATE_INFOPLIST_FILE = YES;
				MARKETING_VERSION = 1.0;
				PRODUCT_BUNDLE_IDENTIFIER = Enactus.JourneyFinalUITests;
				PRODUCT_NAME = "$(TARGET_NAME)";
				SWIFT_EMIT_LOC_STRINGS = NO;
				SWIFT_VERSION = 5.0;
				TARGETED_DEVICE_FAMILY = "1,2";
				TEST_TARGET_NAME = JourneyFinal;
			};
			name = Debug;
		};
		46B973D92CC4457E00EBB972 /* Release */ = {
			isa = XCBuildConfiguration;
			buildSettings = {
				CODE_SIGN_STYLE = Automatic;
				CURRENT_PROJECT_VERSION = 1;
				GENERATE_INFOPLIST_FILE = YES;
				MARKETING_VERSION = 1.0;
				PRODUCT_BUNDLE_IDENTIFIER = Enactus.JourneyFinalUITests;
				PRODUCT_NAME = "$(TARGET_NAME)";
				SWIFT_EMIT_LOC_STRINGS = NO;
				SWIFT_VERSION = 5.0;
				TARGETED_DEVICE_FAMILY = "1,2";
				TEST_TARGET_NAME = JourneyFinal;
			};
			name = Release;
		};
/* End XCBuildConfiguration section */

/* Begin XCConfigurationList section */
		46B973A82CC4457D00EBB972 /* Build configuration list for PBXProject "JourneyFinal" */ = {
			isa = XCConfigurationList;
			buildConfigurations = (
				46B973CF2CC4457E00EBB972 /* Debug */,
				46B973D02CC4457E00EBB972 /* Release */,
			);
			defaultConfigurationIsVisible = 0;
			defaultConfigurationName = Release;
		};
		46B973D12CC4457E00EBB972 /* Build configuration list for PBXNativeTarget "JourneyFinal" */ = {
			isa = XCConfigurationList;
			buildConfigurations = (
				46B973D22CC4457E00EBB972 /* Debug */,
				46B973D32CC4457E00EBB972 /* Release */,
			);
			defaultConfigurationIsVisible = 0;
			defaultConfigurationName = Release;
		};
		46B973D42CC4457E00EBB972 /* Build configuration list for PBXNativeTarget "JourneyFinalTests" */ = {
			isa = XCConfigurationList;
			buildConfigurations = (
				46B973D52CC4457E00EBB972 /* Debug */,
				46B973D62CC4457E00EBB972 /* Release */,
			);
			defaultConfigurationIsVisible = 0;
			defaultConfigurationName = Release;
		};
		46B973D72CC4457E00EBB972 /* Build configuration list for PBXNativeTarget "JourneyFinalUITests" */ = {
			isa = XCConfigurationList;
			buildConfigurations = (
				46B973D82CC4457E00EBB972 /* Debug */,
				46B973D92CC4457E00EBB972 /* Release */,
			);
			defaultConfigurationIsVisible = 0;
			defaultConfigurationName = Release;
		};
/* End XCConfigurationList section */
	};
	rootObject = 46B973A52CC4457D00EBB972 /* Project object */;
}
